schema: '2.0'
stages:
  prepare:
    cmd: python src/prepare.py
    deps:
    - path: data/raw/training.1600000.processed.noemoticon.csv
      md5: df952449d6f9b5f9fdfe3fc53ddef7ca
      size: 238803811
    - path: src/prepare.py
      md5: 4c0666e2bd2d0ce106cd1a1b1048883f
      size: 5574
    outs:
    - path: data/processed/X_train.txt
      md5: e5a7d68885b3b0a2645e79ea2329f411
      size: 6051740
    - path: data/processed/X_valid.txt
      md5: 48e0a986fc6ffface6334e36a593d899
      size: 6095288
    - path: data/processed/train_neg.txt
      md5: 8cbe1c5e58d4f9597d9de064a235cb8b
      size: 3021865
    - path: data/processed/train_pos.txt
      md5: 0c215ad1c98c0be30c0ee70e0c1a45fd
      size: 3029875
    - path: data/processed/val_neg.txt
      md5: 401dabe6a8ff7eb680d185e30fbed908
      size: 3021394
    - path: data/processed/val_pos.txt
      md5: 4b88b8d3356339363aa5fafb57f9dc94
      size: 3073894
    - path: data/processed/vocab.json
      md5: 402e3e246bb46aa14d4a906150f40726
      size: 659553
    - path: data/processed/y_train.txt
      md5: ad8946cd9c016eaf220f727e48122bdd
      size: 400000
    - path: data/processed/y_valid.txt
      md5: ad8946cd9c016eaf220f727e48122bdd
      size: 400000
